{
  "name": "docker",
  "lockfileVersion": 3,
  "requires": true,
  "packages": {
    "": {
      "devDependencies": {
        "prettier": "^3.8.4",
        "prettier-plugin-java": "^2.9.7",
        "prettier-plugin-sh": "^0.18.1",
        "sql-formatter": "^15.8.2"
      }
    },
    "node_modules/@reteps/dockerfmt": {
      "version": "0.5.2",
      "resolved": "https://registry.npmmirror.com/@reteps/dockerfmt/-/dockerfmt-0.5.2.tgz",
      "integrity": "sha512-Hbr7yen4fP5TxGM54ucXa4o5NwWXatJ6Bd9I8gp0PValYbI4Rug2Gu+rVv7K7o/efQc3F5ctqWJz47rYaa8zBw==",
      "dev": true,
      "license": "MIT",
      "engines": {
        "node": "^v12.20.0 || ^14.13.0 || >=16.0.0"
      }
    },
    "node_modules/argparse": {
      "version": "2.0.1",
      "resolved": "https://registry.npmmirror.com/argparse/-/argparse-2.0.1.tgz",
      "integrity": "sha512-8+9WqebbFzpX9OR+Wa6O29asIogeRMzcGtAINdpMHHyAg10f05aSFVBbcEqGf/PXw1EjAZ+q2/bEBg3DvurK3Q==",
      "dev": true,
      "license": "Python-2.0"
    },
    "node_modules/commander": {
      "version": "2.20.3",
      "resolved": "https://registry.npmmirror.com/commander/-/commander-2.20.3.tgz",
      "integrity": "sha512-GpVkmM8vF2vQUkj2LvZmD35JxeJOLCwJ9cUkugyk2nuhbv3+mJvpLYYt+0+USMxE+oj+ey/lJEnhZw75x/OMcQ==",
      "dev": true,
      "license": "MIT"
    },
    "node_modules/discontinuous-range": {
      "version": "1.0.0",
      "resolved": "https://registry.npmmirror.com/discontinuous-range/-/discontinuous-range-1.0.0.tgz",
      "integrity": "sha512-c68LpLbO+7kP/b1Hr1qs8/BJ09F5khZGTxqxZuhzxpmwJKOgRFHJWIb9/KmqnqHhLdO55aOxFH/EGBvUQbL/RQ==",
      "dev": true,
      "license": "MIT"
    },
    "node_modules/moo": {
      "version": "0.5.3",
      "resolved": "https://registry.npmmirror.com/moo/-/moo-0.5.3.tgz",
      "integrity": "sha512-m2fmM2dDm7GZQsY7KK2cme8agi+AAljILjQnof7p1ZMDe6dQ4bdnSMx0cPppudoeNv5hEFQirN6u+O4fDE0IWA==",
      "dev": true,
      "license": "BSD-3-Clause"
    },
    "node_modules/nearley": {
      "version": "2.20.1",
      "resolved": "https://registry.npmmirror.com/nearley/-/nearley-2.20.1.tgz",
      "integrity": "sha512-+Mc8UaAebFzgV+KpI5n7DasuuQCHA89dmwm7JXw3TV43ukfNQ9DnBH3Mdb2g/I4Fdxc26pwimBWvjIw0UAILSQ==",
      "dev": true,
      "license": "MIT",
      "dependencies": {
        "commander": "^2.19.0",
        "moo": "^0.5.0",
        "railroad-diagrams": "^1.0.0",
        "randexp": "0.4.6"
      },
      "bin": {
        "nearley-railroad": "bin/nearley-railroad.js",
        "nearley-test": "bin/nearley-test.js",
        "nearley-unparse": "bin/nearley-unparse.js",
        "nearleyc": "bin/nearleyc.js"
      },
      "funding": {
        "type": "individual",
        "url": "https://nearley.js.org/#give-to-nearley"
      }
    },
    "node_modules/prettier": {
      "version": "3.8.4",
      "resolved": "https://registry.npmmirror.com/prettier/-/prettier-3.8.4.tgz",
      "integrity": "sha512-N2MylSdi48+5N/6S5j+maeHbUSIzzZ5uOcX5Hm4QpV8Dkb1HFjfAKTKX6yNPJQD9AhcT3ifHNB66tWTTJDi11Q==",
      "dev": true,
      "license": "MIT",
      "bin": {
        "prettier": "bin/prettier.cjs"
      },
      "engines": {
        "node": ">=14"
      },
      "funding": {
        "url": "https://github.com/prettier/prettier?sponsor=1"
      }
    },
    "node_modules/prettier-plugin-java": {
      "version": "2.9.7",
      "resolved": "https://registry.npmmirror.com/prettier-plugin-java/-/prettier-plugin-java-2.9.7.tgz",
      "integrity": "sha512-5ifIseGcpuBizlGw9bUZPoyRPj8c9TV2g2jfO+70Dt92ZH5XG39iXZ4qyGTXN7OTdEprqJjHYQ8UWZcfDc4P9Q==",
      "dev": true,
      "license": "Apache-2.0",
      "dependencies": {
        "web-tree-sitter": "0.26.9"
      },
      "peerDependencies": {
        "prettier": "^3.0.0"
      }
    },
    "node_modules/prettier-plugin-sh": {
      "version": "0.18.1",
      "resolved": "https://registry.npmmirror.com/prettier-plugin-sh/-/prettier-plugin-sh-0.18.1.tgz",
      "integrity": "sha512-uZmU22wBMevjh3rmCatNQqiEer2+5KLa0xYCBX6zQQUQkcNzVL+s6FbPKK6ZSUNUbQk6jMAcQHrYPvuL2W6ihQ==",
      "dev": true,
      "license": "MIT",
      "dependencies": {
        "@reteps/dockerfmt": "^0.5.1",
        "sh-syntax": "^0.5.8"
      },
      "engines": {
        "node": ">=16.0.0"
      },
      "funding": {
        "url": "https://opencollective.com/unts"
      },
      "peerDependencies": {
        "prettier": "^3.6.0"
      }
    },
    "node_modules/railroad-diagrams": {
      "version": "1.0.0",
      "resolved": "https://registry.npmmirror.com/railroad-diagrams/-/railroad-diagrams-1.0.0.tgz",
      "integrity": "sha512-cz93DjNeLY0idrCNOH6PviZGRN9GJhsdm9hpn1YCS879fj4W+x5IFJhhkRZcwVgMmFF7R82UA/7Oh+R8lLZg6A==",
      "dev": true,
      "license": "CC0-1.0"
    },
    "node_modules/randexp": {
      "version": "0.4.6",
      "resolved": "https://registry.npmmirror.com/randexp/-/randexp-0.4.6.tgz",
      "integrity": "sha512-80WNmd9DA0tmZrw9qQa62GPPWfuXJknrmVmLcxvq4uZBdYqb1wYoKTmnlGUchvVWe0XiLupYkBoXVOxz3C8DYQ==",
      "dev": true,
      "license": "MIT",
      "dependencies": {
        "discontinuous-range": "1.0.0",
        "ret": "~0.1.10"
      },
      "engines": {
        "node": ">=0.12"
      }
    },
    "node_modules/ret": {
      "version": "0.1.15",
      "resolved": "https://registry.npmmirror.com/ret/-/ret-0.1.15.tgz",
      "integrity": "sha512-TTlYpa+OL+vMMNG24xSlQGEJ3B/RzEfUlLct7b5G/ytav+wPrplCpVMFuwzXbkecJrb6IYo1iFb0S9v37754mg==",
      "dev": true,
      "license": "MIT",
      "engines": {
        "node": ">=0.12"
      }
    },
    "node_modules/sh-syntax": {
      "version": "0.5.8",
      "resolved": "https://registry.npmmirror.com/sh-syntax/-/sh-syntax-0.5.8.tgz",
      "integrity": "sha512-JfVoxf4FxQI5qpsPbkHhZo+n6N9YMJobyl4oGEUBb/31oQYlgTjkXQD8PBiafS2UbWoxrTO0Z5PJUBXEPAG1Zw==",
      "dev": true,
      "license": "MIT",
      "dependencies": {
        "tslib": "^2.8.1"
      },
      "engines": {
        "node": ">=16.0.0"
      },
      "funding": {
        "url": "https://opencollective.com/sh-syntax"
      }
    },
    "node_modules/sql-formatter": {
      "version": "15.8.2",
      "resolved": "https://registry.npmmirror.com/sql-formatter/-/sql-formatter-15.8.2.tgz",
      "integrity": "sha512-kTYRg5FIcvsDtYUG2Qn9pYT6xKwiLJN5TTIvc5Mur6hIg4pSfdpHu8Yyu5bqESLHnVM3mXzD446cb2+uEaKZXg==",
      "dev": true,
      "license": "MIT",
      "dependencies": {
        "argparse": "^2.0.1",
        "nearley": "^2.20.1"
      },
      "bin": {
        "sql-formatter": "bin/sql-formatter-cli.cjs"
      }
    },
    "node_modules/tslib": {
      "version": "2.8.1",
      "resolved": "https://registry.npmmirror.com/tslib/-/tslib-2.8.1.tgz",
      "integrity": "sha512-oJFu94HQb+KVduSUQL7wnpmqnfmLsOA/nAh6b6EH0wCEoK0/mPeXU6c3wKDV83MkOuHPRHtSXKKU99IBazS/2w==",
      "dev": true,
      "license": "0BSD"
    },
    "node_modules/web-tree-sitter": {
      "version": "0.26.9",
      "resolved": "https://registry.npmmirror.com/web-tree-sitter/-/web-tree-sitter-0.26.9.tgz",
      "integrity": "sha512-YJwSHANl6XFgeEjB8nitgj0qZYt5gkIesJ4w2srS2wcLB4GUa4xcOkM0YaMsU6WNR53YVIkDSY7Ej4pf3IXtCA==",
      "dev": true,
      "license": "MIT"
    }
  }
}
